
Microsoft Visual Studio Solution File, Format Version 12.00
# Visual Studio Version 16
VisualStudioVersion = 16.0.31702.278
MinimumVisualStudioVersion = 10.0.40219.1
Project("{FAE04EC0-301F-11D3-BF4B-00C04F79EFBC}") = "Tp", "Tp\Tp.csproj", "{643D767A-734D-4181-80AA-7F789958E7B9}"
EndProject
Global
	GlobalSection(SolutionConfigurationPlatforms) = preSolution
		Debug|Any CPU = Debug|Any CPU
		Release|Any CPU = Release|Any CPU
	EndGlobalSection
	GlobalSection(ProjectConfigurationPlatforms) = postSolution
		{643D767A-734D-4181-80AA-7F789958E7B9}.Debug|Any CPU.ActiveCfg = Debug|Any CPU
		{643D767A-734D-4181-80AA-7F789958E7B9}.Debug|Any CPU.Build.0 = Debug|Any CPU
		{643D767A-734D-4181-80AA-7F789958E7B9}.Release|Any CPU.ActiveCfg = Release|Any CPU
		{643D767A-734D-4181-80AA-7F789958E7B9}.Release|Any CPU.Build.0 = Release|Any CPU
	EndGlobalSection
	GlobalSection(SolutionProperties) = preSolution
		HideSolutionNode = FALSE
	EndGlobalSection
	GlobalSection(ExtensibilityGlobals) = postSolution
		SolutionGuid = {DA994DD7-0DA4-4844-95E3-18F27A779231}
	EndGlobalSection
EndGlobal
